
Microsoft Visual Studio Solution File, Format Version 12.00
# Visual Studio 15
VisualStudioVersion = 15.0.27130.2027
MinimumVisualStudioVersion = 10.0.40219.1
Project("{9A19103F-16F7-4668-BE54-9A1E7A4F7556}") = "Amion.Network", "Amion.Network\Amion.Network.csproj", "{986A1416-C01D-412F-A209-492ED40B9241}"
EndProject
Project("{2150E333-8FDC-42A3-9474-1A3956D46DE8}") = "Samples", "Samples", "{6F1CB526-E516-4B6C-91F5-3283BC59D568}"
EndProject
Project("{2150E333-8FDC-42A3-9474-1A3956D46DE8}") = "SimpleChatApp", "SimpleChatApp", "{C0FEF1AF-5151-4946-9A76-11E5B3969A0E}"
EndProject
Project("{FAE04EC0-301F-11D3-BF4B-00C04F79EFBC}") = "ChatClient", "Samples\SimpleChatApp\ChatClient\ChatClient.csproj", "{1B4E64D1-26FF-4FE8-8465-3968156AE68F}"
	ProjectSection(ProjectDependencies) = postProject
		{986A1416-C01D-412F-A209-492ED40B9241} = {986A1416-C01D-412F-A209-492ED40B9241}
	EndProjectSection
EndProject
Project("{FAE04EC0-301F-11D3-BF4B-00C04F79EFBC}") = "ChatServer", "Samples\SimpleChatApp\ChatServer\ChatServer.csproj", "{E3FF02FD-36F5-4205-9E54-1DCE7DB3D188}"
	ProjectSection(ProjectDependencies) = postProject
		{986A1416-C01D-412F-A209-492ED40B9241} = {986A1416-C01D-412F-A209-492ED40B9241}
	EndProjectSection
EndProject
Global
	GlobalSection(SolutionConfigurationPlatforms) = preSolution
		Debug|Any CPU = Debug|Any CPU
		Release|Any CPU = Release|Any CPU
	EndGlobalSection
	GlobalSection(ProjectConfigurationPlatforms) = postSolution
		{986A1416-C01D-412F-A209-492ED40B9241}.Debug|Any CPU.ActiveCfg = Debug|Any CPU
		{986A1416-C01D-412F-A209-492ED40B9241}.Debug|Any CPU.Build.0 = Debug|Any CPU
		{986A1416-C01D-412F-A209-492ED40B9241}.Release|Any CPU.ActiveCfg = Release|Any CPU
		{986A1416-C01D-412F-A209-492ED40B9241}.Release|Any CPU.Build.0 = Release|Any CPU
		{1B4E64D1-26FF-4FE8-8465-3968156AE68F}.Debug|Any CPU.ActiveCfg = Debug|Any CPU
		{1B4E64D1-26FF-4FE8-8465-3968156AE68F}.Debug|Any CPU.Build.0 = Debug|Any CPU
		{1B4E64D1-26FF-4FE8-8465-3968156AE68F}.Release|Any CPU.ActiveCfg = Release|Any CPU
		{1B4E64D1-26FF-4FE8-8465-3968156AE68F}.Release|Any CPU.Build.0 = Release|Any CPU
		{E3FF02FD-36F5-4205-9E54-1DCE7DB3D188}.Debug|Any CPU.ActiveCfg = Debug|Any CPU
		{E3FF02FD-36F5-4205-9E54-1DCE7DB3D188}.Debug|Any CPU.Build.0 = Debug|Any CPU
		{E3FF02FD-36F5-4205-9E54-1DCE7DB3D188}.Release|Any CPU.ActiveCfg = Release|Any CPU
		{E3FF02FD-36F5-4205-9E54-1DCE7DB3D188}.Release|Any CPU.Build.0 = Release|Any CPU
	EndGlobalSection
	GlobalSection(SolutionProperties) = preSolution
		HideSolutionNode = FALSE
	EndGlobalSection
	GlobalSection(NestedProjects) = preSolution
		{C0FEF1AF-5151-4946-9A76-11E5B3969A0E} = {6F1CB526-E516-4B6C-91F5-3283BC59D568}
		{1B4E64D1-26FF-4FE8-8465-3968156AE68F} = {C0FEF1AF-5151-4946-9A76-11E5B3969A0E}
		{E3FF02FD-36F5-4205-9E54-1DCE7DB3D188} = {C0FEF1AF-5151-4946-9A76-11E5B3969A0E}
	EndGlobalSection
	GlobalSection(ExtensibilityGlobals) = postSolution
		SolutionGuid = {A179D9A3-3052-4D31-83F1-94B9570E34EE}
	EndGlobalSection
EndGlobal
